
Microsoft Visual Studio Solution File, Format Version 12.00
# Visual Studio Version 16
VisualStudioVersion = 16.0.31205.134
MinimumVisualStudioVersion = 10.0.40219.1
Project("{9A19103F-16F7-4668-BE54-9A1E7A4F7556}") = "DataAccess", "DataAccess\DataAccess.csproj", "{C122A964-7709-40F6-AA3D-9E5A00D23478}"
EndProject
Project("{9A19103F-16F7-4668-BE54-9A1E7A4F7556}") = "Business", "Business\Business.csproj", "{2FE4EEFC-86F8-4543-9A08-7A5A3E982ECA}"
EndProject
Project("{9A19103F-16F7-4668-BE54-9A1E7A4F7556}") = "Entities", "Entities\Entities.csproj", "{F36B9A17-2B3B-40EC-9C4F-633EC55B3C87}"
EndProject
Project("{9A19103F-16F7-4668-BE54-9A1E7A4F7556}") = "ConsoleUI", "ConsoleUI\ConsoleUI.csproj", "{5BE36B73-0CB1-47E7-AB8E-916F5C4F67AD}"
EndProject
Project("{9A19103F-16F7-4668-BE54-9A1E7A4F7556}") = "Core", "Core\Core.csproj", "{6395347E-09A8-40DA-8794-8AF797FC13B8}"
EndProject
Project("{FAE04EC0-301F-11D3-BF4B-00C04F79EFBC}") = "WebAPI", "WebAPI\WebAPI.csproj", "{CC256C42-1C0E-4AFD-B83A-15A1EB4475C3}"
	ProjectSection(ProjectDependencies) = postProject
		{C122A964-7709-40F6-AA3D-9E5A00D23478} = {C122A964-7709-40F6-AA3D-9E5A00D23478}
		{6395347E-09A8-40DA-8794-8AF797FC13B8} = {6395347E-09A8-40DA-8794-8AF797FC13B8}
		{2FE4EEFC-86F8-4543-9A08-7A5A3E982ECA} = {2FE4EEFC-86F8-4543-9A08-7A5A3E982ECA}
	EndProjectSection
EndProject
Global
	GlobalSection(SolutionConfigurationPlatforms) = preSolution
		Debug|Any CPU = Debug|Any CPU
		Release|Any CPU = Release|Any CPU
	EndGlobalSection
	GlobalSection(ProjectConfigurationPlatforms) = postSolution
		{C122A964-7709-40F6-AA3D-9E5A00D23478}.Debug|Any CPU.ActiveCfg = Debug|Any CPU
		{C122A964-7709-40F6-AA3D-9E5A00D23478}.Debug|Any CPU.Build.0 = Debug|Any CPU
		{C122A964-7709-40F6-AA3D-9E5A00D23478}.Release|Any CPU.ActiveCfg = Release|Any CPU
		{C122A964-7709-40F6-AA3D-9E5A00D23478}.Release|Any CPU.Build.0 = Release|Any CPU
		{2FE4EEFC-86F8-4543-9A08-7A5A3E982ECA}.Debug|Any CPU.ActiveCfg = Debug|Any CPU
		{2FE4EEFC-86F8-4543-9A08-7A5A3E982ECA}.Debug|Any CPU.Build.0 = Debug|Any CPU
		{2FE4EEFC-86F8-4543-9A08-7A5A3E982ECA}.Release|Any CPU.ActiveCfg = Release|Any CPU
		{2FE4EEFC-86F8-4543-9A08-7A5A3E982ECA}.Release|Any CPU.Build.0 = Release|Any CPU
		{F36B9A17-2B3B-40EC-9C4F-633EC55B3C87}.Debug|Any CPU.ActiveCfg = Debug|Any CPU
		{F36B9A17-2B3B-40EC-9C4F-633EC55B3C87}.Debug|Any CPU.Build.0 = Debug|Any CPU
		{F36B9A17-2B3B-40EC-9C4F-633EC55B3C87}.Release|Any CPU.ActiveCfg = Release|Any CPU
		{F36B9A17-2B3B-40EC-9C4F-633EC55B3C87}.Release|Any CPU.Build.0 = Release|Any CPU
		{5BE36B73-0CB1-47E7-AB8E-916F5C4F67AD}.Debug|Any CPU.ActiveCfg = Debug|Any CPU
		{5BE36B73-0CB1-47E7-AB8E-916F5C4F67AD}.Debug|Any CPU.Build.0 = Debug|Any CPU
		{5BE36B73-0CB1-47E7-AB8E-916F5C4F67AD}.Release|Any CPU.ActiveCfg = Release|Any CPU
		{5BE36B73-0CB1-47E7-AB8E-916F5C4F67AD}.Release|Any CPU.Build.0 = Release|Any CPU
		{6395347E-09A8-40DA-8794-8AF797FC13B8}.Debug|Any CPU.ActiveCfg = Debug|Any CPU
		{6395347E-09A8-40DA-8794-8AF797FC13B8}.Debug|Any CPU.Build.0 = Debug|Any CPU
		{6395347E-09A8-40DA-8794-8AF797FC13B8}.Release|Any CPU.ActiveCfg = Release|Any CPU
		{6395347E-09A8-40DA-8794-8AF797FC13B8}.Release|Any CPU.Build.0 = Release|Any CPU
		{CC256C42-1C0E-4AFD-B83A-15A1EB4475C3}.Debug|Any CPU.ActiveCfg = Debug|Any CPU
		{CC256C42-1C0E-4AFD-B83A-15A1EB4475C3}.Debug|Any CPU.Build.0 = Debug|Any CPU
		{CC256C42-1C0E-4AFD-B83A-15A1EB4475C3}.Release|Any CPU.ActiveCfg = Release|Any CPU
		{CC256C42-1C0E-4AFD-B83A-15A1EB4475C3}.Release|Any CPU.Build.0 = Release|Any CPU
	EndGlobalSection
	GlobalSection(SolutionProperties) = preSolution
		HideSolutionNode = FALSE
	EndGlobalSection
	GlobalSection(ExtensibilityGlobals) = postSolution
		SolutionGuid = {13B3694D-16FA-48C6-8550-1160BADBC798}
	EndGlobalSection
EndGlobal
